// !$*UTF8*$!
{
	archiveVersion = 1;
	classes = {
	};
	objectVersion = 46;
	objects = {

/* Begin PBXBuildFile section */
		4206824A15F793EC001A28E8 /* PPPageFlipView.h in Headers */ = {isa = PBXBuildFile; fileRef = 4206824815F793EC001A28E8 /* PPPageFlipView.h */; };
		4206824B15F793EC001A28E8 /* PPPageFlipView.m in Sources */ = {isa = PBXBuildFile; fileRef = 4206824915F793EC001A28E8 /* PPPageFlipView.m */; };
		423E5CE315A9DD3800D7AB34 /* PepperUIStatic-Prefix.pch in Headers */ = {isa = PBXBuildFile; fileRef = 423E5CE215A9DD3800D7AB34 /* PepperUIStatic-Prefix.pch */; };
		42ED4C52158FA0790055BAE7 /* Foundation.framework in Frameworks */ = {isa = PBXBuildFile; fileRef = 42ED4C51158FA0790055BAE7 /* Foundation.framework */; };
		42ED4C5F158FA0A30055BAE7 /* QuartzCore.framework in Frameworks */ = {isa = PBXBuildFile; fileRef = 42ED4C5E158FA0A30055BAE7 /* QuartzCore.framework */; };
		42ED4C6D158FA0E00055BAE7 /* PPPageViewContentWrapper.h in Headers */ = {isa = PBXBuildFile; fileRef = 42ED4C66158FA0E00055BAE7 /* PPPageViewContentWrapper.h */; };
		42ED4C6E158FA0E00055BAE7 /* PPPageViewContentWrapper.m in Sources */ = {isa = PBXBuildFile; fileRef = 42ED4C67158FA0E00055BAE7 /* PPPageViewContentWrapper.m */; };
		42ED4C6F158FA0E00055BAE7 /* PPPageViewDetailWrapper.h in Headers */ = {isa = PBXBuildFile; fileRef = 42ED4C68158FA0E00055BAE7 /* PPPageViewDetailWrapper.h */; };
		42ED4C70158FA0E00055BAE7 /* PPPageViewDetailWrapper.m in Sources */ = {isa = PBXBuildFile; fileRef = 42ED4C69158FA0E00055BAE7 /* PPPageViewDetailWrapper.m */; };
		42ED4C71158FA0E00055BAE7 /* PPPepperContants.h in Headers */ = {isa = PBXBuildFile; fileRef = 42ED4C6A158FA0E00055BAE7 /* PPPepperContants.h */; };
		42ED4C72158FA0E00055BAE7 /* PPPepperViewController.h in Headers */ = {isa = PBXBuildFile; fileRef = 42ED4C6B158FA0E00055BAE7 /* PPPepperViewController.h */; };
		42ED4C73158FA0E00055BAE7 /* PPPepperViewController.m in Sources */ = {isa = PBXBuildFile; fileRef = 42ED4C6C158FA0E00055BAE7 /* PPPepperViewController.m */; };
		42ED4C79158FA1180055BAE7 /* CoreGraphics.framework in Frameworks */ = {isa = PBXBuildFile; fileRef = 42ED4C78158FA1180055BAE7 /* CoreGraphics.framework */; };
		42ED4C7B158FA11D0055BAE7 /* UIKit.framework in Frameworks */ = {isa = PBXBuildFile; fileRef = 42ED4C7A158FA11D0055BAE7 /* UIKit.framework */; };
		42EE6D0615C464FF004C8B97 /* PPPageViewDetailController.h in Headers */ = {isa = PBXBuildFile; fileRef = 42EE6D0415C464FF004C8B97 /* PPPageViewDetailController.h */; };
		42EE6D0715C464FF004C8B97 /* PPPageViewDetailController.m in Sources */ = {isa = PBXBuildFile; fileRef = 42EE6D0515C464FF004C8B97 /* PPPageViewDetailController.m */; };
/* End PBXBuildFile section */

/* Begin PBXFileReference section */
		4206824815F793EC001A28E8 /* PPPageFlipView.h */ = {isa = PBXFileReference; fileEncoding = 4; lastKnownFileType = sourcecode.c.h; path = PPPageFlipView.h; sourceTree = "<group>"; };
		4206824915F793EC001A28E8 /* PPPageFlipView.m */ = {isa = PBXFileReference; fileEncoding = 4; lastKnownFileType = sourcecode.c.objc; path = PPPageFlipView.m; sourceTree = "<group>"; };
		423E5CE215A9DD3800D7AB34 /* PepperUIStatic-Prefix.pch */ = {isa = PBXFileReference; fileEncoding = 4; lastKnownFileType = sourcecode.c.h; path = "PepperUIStatic-Prefix.pch"; sourceTree = "<group>"; };
		42ED4C4E158FA0790055BAE7 /* libPepperUI.a */ = {isa = PBXFileReference; explicitFileType = archive.ar; includeInIndex = 0; path = libPepperUI.a; sourceTree = BUILT_PRODUCTS_DIR; };
		42ED4C51158FA0790055BAE7 /* Foundation.framework */ = {isa = PBXFileReference; lastKnownFileType = wrapper.framework; name = Foundation.framework; path = System/Library/Frameworks/Foundation.framework; sourceTree = SDKROOT; };
		42ED4C5E158FA0A30055BAE7 /* QuartzCore.framework */ = {isa = PBXFileReference; lastKnownFileType = wrapper.framework; name = QuartzCore.framework; path = System/Library/Frameworks/QuartzCore.framework; sourceTree = SDKROOT; };
		42ED4C66158FA0E00055BAE7 /* PPPageViewContentWrapper.h */ = {isa = PBXFileReference; fileEncoding = 4; lastKnownFileType = sourcecode.c.h; path = PPPageViewContentWrapper.h; sourceTree = "<group>"; };
		42ED4C67158FA0E00055BAE7 /* PPPageViewContentWrapper.m */ = {isa = PBXFileReference; fileEncoding = 4; lastKnownFileType = sourcecode.c.objc; path = PPPageViewContentWrapper.m; sourceTree = "<group>"; };
		42ED4C68158FA0E00055BAE7 /* PPPageViewDetailWrapper.h */ = {isa = PBXFileReference; fileEncoding = 4; lastKnownFileType = sourcecode.c.h; path = PPPageViewDetailWrapper.h; sourceTree = "<group>"; };
		42ED4C69158FA0E00055BAE7 /* PPPageViewDetailWrapper.m */ = {isa = PBXFileReference; fileEncoding = 4; lastKnownFileType = sourcecode.c.objc; path = PPPageViewDetailWrapper.m; sourceTree = "<group>"; };
		42ED4C6A158FA0E00055BAE7 /* PPPepperContants.h */ = {isa = PBXFileReference; fileEncoding = 4; lastKnownFileType = sourcecode.c.h; path = PPPepperContants.h; sourceTree = "<group>"; };
		42ED4C6B158FA0E00055BAE7 /* PPPepperViewController.h */ = {isa = PBXFileReference; fileEncoding = 4; lastKnownFileType = sourcecode.c.h; path = PPPepperViewController.h; sourceTree = "<group>"; xcLanguageSpecificationIdentifier = xcode.lang.objcpp; };
		42ED4C6C158FA0E00055BAE7 /* PPPepperViewController.m */ = {isa = PBXFileReference; fileEncoding = 4; lastKnownFileType = sourcecode.c.objc; path = PPPepperViewController.m; sourceTree = "<group>"; };
		42ED4C78158FA1180055BAE7 /* CoreGraphics.framework */ = {isa = PBXFileReference; lastKnownFileType = wrapper.framework; name = CoreGraphics.framework; path = System/Library/Frameworks/CoreGraphics.framework; sourceTree = SDKROOT; };
		42ED4C7A158FA11D0055BAE7 /* UIKit.framework */ = {isa = PBXFileReference; lastKnownFileType = wrapper.framework; name = UIKit.framework; path = System/Library/Frameworks/UIKit.framework; sourceTree = SDKROOT; };
		42EE6D0415C464FF004C8B97 /* PPPageViewDetailController.h */ = {isa = PBXFileReference; fileEncoding = 4; lastKnownFileType = sourcecode.c.h; path = PPPageViewDetailController.h; sourceTree = "<group>"; };
		42EE6D0515C464FF004C8B97 /* PPPageViewDetailController.m */ = {isa = PBXFileReference; fileEncoding = 4; lastKnownFileType = sourcecode.c.objc; path = PPPageViewDetailController.m; sourceTree = "<group>"; };
/* End PBXFileReference section */

/* Begin PBXFrameworksBuildPhase section */
		42ED4C4B158FA0790055BAE7 /* Frameworks */ = {
			isa = PBXFrameworksBuildPhase;
			buildActionMask = 2147483647;
			files = (
				42ED4C7B158FA11D0055BAE7 /* UIKit.framework in Frameworks */,
				42ED4C79158FA1180055BAE7 /* CoreGraphics.framework in Frameworks */,
				42ED4C5F158FA0A30055BAE7 /* QuartzCore.framework in Frameworks */,
				42ED4C52158FA0790055BAE7 /* Foundation.framework in Frameworks */,
			);
			runOnlyForDeploymentPostprocessing = 0;
		};
/* End PBXFrameworksBuildPhase section */

/* Begin PBXGroup section */
		423E5CE115A9DD3800D7AB34 /* PepperUIStatic */ = {
			isa = PBXGroup;
			children = (
				423E5CE215A9DD3800D7AB34 /* PepperUIStatic-Prefix.pch */,
			);
			path = PepperUIStatic;
			sourceTree = "<group>";
		};
		42ED4C43158FA0790055BAE7 = {
			isa = PBXGroup;
			children = (
				42ED4C60158FA0E00055BAE7 /* Pepper */,
				423E5CE115A9DD3800D7AB34 /* PepperUIStatic */,
				42ED4C50158FA0790055BAE7 /* Frameworks */,
				42ED4C4F158FA0790055BAE7 /* Products */,
			);
			sourceTree = "<group>";
		};
		42ED4C4F158FA0790055BAE7 /* Products */ = {
			isa = PBXGroup;
			children = (
				42ED4C4E158FA0790055BAE7 /* libPepperUI.a */,
			);
			name = Products;
			sourceTree = "<group>";
		};
		42ED4C50158FA0790055BAE7 /* Frameworks */ = {
			isa = PBXGroup;
			children = (
				42ED4C7A158FA11D0055BAE7 /* UIKit.framework */,
				42ED4C78158FA1180055BAE7 /* CoreGraphics.framework */,
				42ED4C5E158FA0A30055BAE7 /* QuartzCore.framework */,
				42ED4C51158FA0790055BAE7 /* Foundation.framework */,
			);
			name = Frameworks;
			sourceTree = "<group>";
		};
		42ED4C60158FA0E00055BAE7 /* Pepper */ = {
			isa = PBXGroup;
			children = (
				4206824815F793EC001A28E8 /* PPPageFlipView.h */,
				4206824915F793EC001A28E8 /* PPPageFlipView.m */,
				42EE6D0415C464FF004C8B97 /* PPPageViewDetailController.h */,
				42EE6D0515C464FF004C8B97 /* PPPageViewDetailController.m */,
				42ED4C66158FA0E00055BAE7 /* PPPageViewContentWrapper.h */,
				42ED4C67158FA0E00055BAE7 /* PPPageViewContentWrapper.m */,
				42ED4C68158FA0E00055BAE7 /* PPPageViewDetailWrapper.h */,
				42ED4C69158FA0E00055BAE7 /* PPPageViewDetailWrapper.m */,
				42ED4C6A158FA0E00055BAE7 /* PPPepperContants.h */,
				42ED4C6B158FA0E00055BAE7 /* PPPepperViewController.h */,
				42ED4C6C158FA0E00055BAE7 /* PPPepperViewController.m */,
			);
			path = Pepper;
			sourceTree = "<group>";
		};
/* End PBXGroup section */

/* Begin PBXHeadersBuildPhase section */
		42ED4C4C158FA0790055BAE7 /* Headers */ = {
			isa = PBXHeadersBuildPhase;
			buildActionMask = 2147483647;
			files = (
				42ED4C6D158FA0E00055BAE7 /* PPPageViewContentWrapper.h in Headers */,
				42ED4C6F158FA0E00055BAE7 /* PPPageViewDetailWrapper.h in Headers */,
				42ED4C71158FA0E00055BAE7 /* PPPepperContants.h in Headers */,
				42ED4C72158FA0E00055BAE7 /* PPPepperViewController.h in Headers */,
				423E5CE315A9DD3800D7AB34 /* PepperUIStatic-Prefix.pch in Headers */,
				42EE6D0615C464FF004C8B97 /* PPPageViewDetailController.h in Headers */,
				4206824A15F793EC001A28E8 /* PPPageFlipView.h in Headers */,
			);
			runOnlyForDeploymentPostprocessing = 0;
		};
/* End PBXHeadersBuildPhase section */

/* Begin PBXNativeTarget section */
		42ED4C4D158FA0790055BAE7 /* PepperUIStatic */ = {
			isa = PBXNativeTarget;
			buildConfigurationList = 42ED4C5B158FA0790055BAE7 /* Build configuration list for PBXNativeTarget "PepperUIStatic" */;
			buildPhases = (
				42ED4C4A158FA0790055BAE7 /* Sources */,
				42ED4C4B158FA0790055BAE7 /* Frameworks */,
				42ED4C4C158FA0790055BAE7 /* Headers */,
				42B11387164E34C90027E62A /* ShellScript */,
			);
			buildRules = (
			);
			dependencies = (
			);
			name = PepperUIStatic;
			productName = PepperUI;
			productReference = 42ED4C4E158FA0790055BAE7 /* libPepperUI.a */;
			productType = "com.apple.product-type.library.static";
		};
/* End PBXNativeTarget section */

/* Begin PBXProject section */
		42ED4C45158FA0790055BAE7 /* Project object */ = {
			isa = PBXProject;
			attributes = {
				LastUpgradeCheck = 0430;
				ORGANIZATIONNAME = "torinnguyen@gmail.com";
			};
			buildConfigurationList = 42ED4C48158FA0790055BAE7 /* Build configuration list for PBXProject "PepperUIStatic" */;
			compatibilityVersion = "Xcode 3.2";
			developmentRegion = English;
			hasScannedForEncodings = 0;
			knownRegions = (
				en,
			);
			mainGroup = 42ED4C43158FA0790055BAE7;
			productRefGroup = 42ED4C4F158FA0790055BAE7 /* Products */;
			projectDirPath = "";
			projectRoot = "";
			targets = (
				42ED4C4D158FA0790055BAE7 /* PepperUIStatic */,
			);
		};
/* End PBXProject section */

/* Begin PBXShellScriptBuildPhase section */
		42B11387164E34C90027E62A /* ShellScript */ = {
			isa = PBXShellScriptBuildPhase;
			buildActionMask = 2147483647;
			files = (
			);
			inputPaths = (
			);
			outputPaths = (
			);
			runOnlyForDeploymentPostprocessing = 0;
			shellPath = /bin/sh;
			shellScript = "#\n# c.f. StackOverflow question/answer here: http://stackoverflow.com/questions/3520977/build-fat-static-library-device-simulator-using-xcode-and-sdk-4\n#\n# Version 2.3\n#\n# Latest Change:\n# - Apple's handling of \"project files\" is broken; added a workaround for Xcode 4.5\n# - Added automatic FAIL BUILD if any of the internal commands fail\n#\n# Purpose:\n#   Create a static library for iPhone from within XCode\n#   Because Apple staff DELIBERATELY broke Xcode to make this impossible from the GUI (Xcode 3.2.3 specifically states this in the Release notes!)\n#   ...no, I don't understand why they did this!\n#\n# Author: Adam Martin - http://twitter.com/redglassesapps\n# Based on: original script from Eonil (main changes: Eonil's script WILL NOT WORK in Xcode GUI - it WILL CRASH YOUR COMPUTER)\n#\n\nset -e\nset -o pipefail\n\n#################[ Tests: helps workaround any future bugs in Xcode ]########\n#\nDEBUG_THIS_SCRIPT=\"false\"\n\nif [ $DEBUG_THIS_SCRIPT = \"true\" ]\nthen\necho \"########### TESTS #############\"\necho \"Use the following variables when debugging this script; note that they may change on recursions\"\necho \"BUILD_DIR = $BUILD_DIR\"\necho \"BUILD_ROOT = $BUILD_ROOT\"\necho \"CONFIGURATION_BUILD_DIR = $CONFIGURATION_BUILD_DIR\"\necho \"BUILT_PRODUCTS_DIR = $BUILT_PRODUCTS_DIR\"\necho \"CONFIGURATION_TEMP_DIR = $CONFIGURATION_TEMP_DIR\"\necho \"TARGET_BUILD_DIR = $TARGET_BUILD_DIR\"\nfi\n\n#####################[ part 1 ]##################\n# First, work out the BASESDK version number (NB: Apple ought to report this, but they hide it)\n#    (incidental: searching for substrings in sh is a nightmare! Sob)\n\nSDK_VERSION=$(echo ${SDK_NAME} | grep -o '.\\{3\\}$')\n\n# Next, work out if we're in SIM or DEVICE\n\nif [ ${PLATFORM_NAME} = \"iphonesimulator\" ]\nthen\nOTHER_SDK_TO_BUILD=iphoneos${SDK_VERSION}\nelse\nOTHER_SDK_TO_BUILD=iphonesimulator${SDK_VERSION}\nfi\n\necho \"XCode has selected SDK: ${PLATFORM_NAME} with version: ${SDK_VERSION} (although back-targetting: ${IPHONEOS_DEPLOYMENT_TARGET})\"\necho \"...therefore, OTHER_SDK_TO_BUILD = ${OTHER_SDK_TO_BUILD}\"\n#\n#####################[ end of part 1 ]##################\n\n#####################[ part 2 ]##################\n#\n# IF this is the original invocation, invoke WHATEVER other builds are required\n#\n# Xcode is already building ONE target...\n#\n# ...but this is a LIBRARY, so Apple is wrong to set it to build just one.\n# ...we need to build ALL targets\n# ...we MUST NOT re-build the target that is ALREADY being built: Xcode WILL CRASH YOUR COMPUTER if you try this (infinite recursion!)\n#\n#\n# So: build ONLY the missing platforms/configurations.\n\nif [ \"true\" == ${ALREADYINVOKED:-false} ]\nthen\necho \"RECURSION: I am NOT the root invocation, so I'm NOT going to recurse\"\nelse\n# CRITICAL:\n# Prevent infinite recursion (Xcode sucks)\nexport ALREADYINVOKED=\"true\"\n\necho \"RECURSION: I am the root ... recursing all missing build targets NOW...\"\necho \"RECURSION: ...about to invoke: xcodebuild -configuration \\\"${CONFIGURATION}\\\" -project \\\"${PROJECT_NAME}.xcodeproj\\\" -target \\\"${TARGET_NAME}\\\" -sdk \\\"${OTHER_SDK_TO_BUILD}\\\" ${ACTION} RUN_CLANG_STATIC_ANALYZER=NO\" BUILD_DIR=\\\"${BUILD_DIR}\\\" BUILD_ROOT=\\\"${BUILD_ROOT}\\\" SYMROOT=\\\"${SYMROOT}\\\"\n\nxcodebuild -configuration \"${CONFIGURATION}\" -project \"${PROJECT_NAME}.xcodeproj\" -target \"${TARGET_NAME}\" -sdk \"${OTHER_SDK_TO_BUILD}\" ${ACTION} RUN_CLANG_STATIC_ANALYZER=NO BUILD_DIR=\"${BUILD_DIR}\" BUILD_ROOT=\"${BUILD_ROOT}\" SYMROOT=\"${SYMROOT}\"\n\nACTION=\"build\"\n\n#Merge all platform binaries as a fat binary for each configurations.\n\n# Calculate where the (multiple) built files are coming from:\nCURRENTCONFIG_DEVICE_DIR=${SYMROOT}/${CONFIGURATION}-iphoneos\nCURRENTCONFIG_SIMULATOR_DIR=${SYMROOT}/${CONFIGURATION}-iphonesimulator\n\necho \"Taking device build from: ${CURRENTCONFIG_DEVICE_DIR}\"\necho \"Taking simulator build from: ${CURRENTCONFIG_SIMULATOR_DIR}\"\n\nCREATING_UNIVERSAL_DIR=${SYMROOT}/${CONFIGURATION}-universal\necho \"...I will output a universal build to: ${CREATING_UNIVERSAL_DIR}\"\n\n# ... remove the products of previous runs of this script\n#      NB: this directory is ONLY created by this script - it should be safe to delete!\n\nrm -rf \"${CREATING_UNIVERSAL_DIR}\"\nmkdir \"${CREATING_UNIVERSAL_DIR}\"\n\n#\necho \"lipo: for current configuration (${CONFIGURATION}) creating output file: ${CREATING_UNIVERSAL_DIR}/${EXECUTABLE_NAME}\"\nlipo -create -output \"${CREATING_UNIVERSAL_DIR}/${EXECUTABLE_NAME}\" \"${CURRENTCONFIG_DEVICE_DIR}/${EXECUTABLE_NAME}\" \"${CURRENTCONFIG_SIMULATOR_DIR}/${EXECUTABLE_NAME}\"\n\n#########\n#\n# Added: StackOverflow suggestion to also copy \"include\" files\n#    (untested, but should work OK)\n#\nif [ -d \"${CURRENTCONFIG_DEVICE_DIR}/usr/local/include\" ]\nthen\nmkdir -p \"${CREATING_UNIVERSAL_DIR}/usr/local/include\"\n# * needs to be outside the double quotes?\ncp -r \"${CURRENTCONFIG_DEVICE_DIR}/usr/local/include/\"* \"${CREATING_UNIVERSAL_DIR}/usr/local/include\"\nfi\nfi";
			showEnvVarsInLog = 0;
		};
/* End PBXShellScriptBuildPhase section */

/* Begin PBXSourcesBuildPhase section */
		42ED4C4A158FA0790055BAE7 /* Sources */ = {
			isa = PBXSourcesBuildPhase;
			buildActionMask = 2147483647;
			files = (
				42ED4C6E158FA0E00055BAE7 /* PPPageViewContentWrapper.m in Sources */,
				42ED4C70158FA0E00055BAE7 /* PPPageViewDetailWrapper.m in Sources */,
				42ED4C73158FA0E00055BAE7 /* PPPepperViewController.m in Sources */,
				42EE6D0715C464FF004C8B97 /* PPPageViewDetailController.m in Sources */,
				4206824B15F793EC001A28E8 /* PPPageFlipView.m in Sources */,
			);
			runOnlyForDeploymentPostprocessing = 0;
		};
/* End PBXSourcesBuildPhase section */

/* Begin XCBuildConfiguration section */
		42ED4C59158FA0790055BAE7 /* Debug */ = {
			isa = XCBuildConfiguration;
			buildSettings = {
				ALWAYS_SEARCH_USER_PATHS = NO;
				ARCHS = "$(ARCHS_STANDARD_32_BIT)";
				CLANG_ENABLE_OBJC_ARC = YES;
				COPY_PHASE_STRIP = NO;
				GCC_C_LANGUAGE_STANDARD = gnu99;
				GCC_DYNAMIC_NO_PIC = NO;
				GCC_OPTIMIZATION_LEVEL = 0;
				GCC_PREPROCESSOR_DEFINITIONS = (
					"DEBUG=1",
					"$(inherited)",
				);
				GCC_SYMBOLS_PRIVATE_EXTERN = NO;
				GCC_VERSION = com.apple.compilers.llvm.clang.1_0;
				GCC_WARN_ABOUT_RETURN_TYPE = YES;
				GCC_WARN_UNINITIALIZED_AUTOS = YES;
				GCC_WARN_UNUSED_VARIABLE = YES;
				IPHONEOS_DEPLOYMENT_TARGET = 4.3;
				SDKROOT = iphoneos;
			};
			name = Debug;
		};
		42ED4C5A158FA0790055BAE7 /* Release */ = {
			isa = XCBuildConfiguration;
			buildSettings = {
				ALWAYS_SEARCH_USER_PATHS = NO;
				ARCHS = "$(ARCHS_STANDARD_32_BIT)";
				CLANG_ENABLE_OBJC_ARC = YES;
				COPY_PHASE_STRIP = YES;
				GCC_C_LANGUAGE_STANDARD = gnu99;
				GCC_VERSION = com.apple.compilers.llvm.clang.1_0;
				GCC_WARN_ABOUT_RETURN_TYPE = YES;
				GCC_WARN_UNINITIALIZED_AUTOS = YES;
				GCC_WARN_UNUSED_VARIABLE = YES;
				IPHONEOS_DEPLOYMENT_TARGET = 4.3;
				SDKROOT = iphoneos;
				VALIDATE_PRODUCT = YES;
			};
			name = Release;
		};
		42ED4C5C158FA0790055BAE7 /* Debug */ = {
			isa = XCBuildConfiguration;
			buildSettings = {
				DSTROOT = /tmp/PepperUI.dst;
				GCC_PRECOMPILE_PREFIX_HEADER = YES;
				GCC_PREFIX_HEADER = "PepperUIStatic/PepperUIStatic-Prefix.pch";
				OTHER_LDFLAGS = "-ObjC";
				PRODUCT_NAME = PepperUI;
				SKIP_INSTALL = YES;
			};
			name = Debug;
		};
		42ED4C5D158FA0790055BAE7 /* Release */ = {
			isa = XCBuildConfiguration;
			buildSettings = {
				DSTROOT = /tmp/PepperUI.dst;
				GCC_PRECOMPILE_PREFIX_HEADER = YES;
				GCC_PREFIX_HEADER = "PepperUIStatic/PepperUIStatic-Prefix.pch";
				OTHER_LDFLAGS = "-ObjC";
				PRODUCT_NAME = PepperUI;
				SKIP_INSTALL = YES;
			};
			name = Release;
		};
/* End XCBuildConfiguration section */

/* Begin XCConfigurationList section */
		42ED4C48158FA0790055BAE7 /* Build configuration list for PBXProject "PepperUIStatic" */ = {
			isa = XCConfigurationList;
			buildConfigurations = (
				42ED4C59158FA0790055BAE7 /* Debug */,
				42ED4C5A158FA0790055BAE7 /* Release */,
			);
			defaultConfigurationIsVisible = 0;
			defaultConfigurationName = Release;
		};
		42ED4C5B158FA0790055BAE7 /* Build configuration list for PBXNativeTarget "PepperUIStatic" */ = {
			isa = XCConfigurationList;
			buildConfigurations = (
				42ED4C5C158FA0790055BAE7 /* Debug */,
				42ED4C5D158FA0790055BAE7 /* Release */,
			);
			defaultConfigurationIsVisible = 0;
			defaultConfigurationName = Release;
		};
/* End XCConfigurationList section */
	};
	rootObject = 42ED4C45158FA0790055BAE7 /* Project object */;
}
